// !$*UTF8*$!
{
	archiveVersion = 1;
	classes = {
	};
	objectVersion = 52;
	objects = {

/* Begin PBXBuildFile section */
		2C0B76DF26A41A7800FA7CF2 /* MainButtonView.swift in Sources */ = {isa = PBXBuildFile; fileRef = 2C0B76DE26A41A7800FA7CF2 /* MainButtonView.swift */; };
		2C0B76E126A425D900FA7CF2 /* PreviewProvider.swift in Sources */ = {isa = PBXBuildFile; fileRef = 2C0B76E026A425D900FA7CF2 /* PreviewProvider.swift */; };
		2C12F1F826CA691A00D5E448 /* TPBarChartView.swift in Sources */ = {isa = PBXBuildFile; fileRef = 2C12F1F726CA691A00D5E448 /* TPBarChartView.swift */; };
		2C345D4426AADFB400C41D9B /* TimePickerView.swift in Sources */ = {isa = PBXBuildFile; fileRef = 2C345D4326AADFB400C41D9B /* TimePickerView.swift */; };
		2C345D4626AADFC800C41D9B /* TimeStepperView.swift in Sources */ = {isa = PBXBuildFile; fileRef = 2C345D4526AADFC800C41D9B /* TimeStepperView.swift */; };
		2C59597826B2950E00B2922C /* CircularMinutePickerView.swift in Sources */ = {isa = PBXBuildFile; fileRef = 2C59597726B2950E00B2922C /* CircularMinutePickerView.swift */; };
		2C5F465D26B3E1B5009362B2 /* TasksContainer.xcdatamodeld in Sources */ = {isa = PBXBuildFile; fileRef = 2C5F465B26B3E1B5009362B2 /* TasksContainer.xcdatamodeld */; };
		2C5F465F26B3E462009362B2 /* CoreDataManager.swift in Sources */ = {isa = PBXBuildFile; fileRef = 2C5F465E26B3E462009362B2 /* CoreDataManager.swift */; };
		2C5F466126B3E79C009362B2 /* Test.swift in Sources */ = {isa = PBXBuildFile; fileRef = 2C5F466026B3E79C009362B2 /* Test.swift */; };
		2C65801B26A9AC23006D4055 /* AddTaskScreenView.swift in Sources */ = {isa = PBXBuildFile; fileRef = 2C65801A26A9AC23006D4055 /* AddTaskScreenView.swift */; };
		2C65801D26A9C842006D4055 /* AddTaskViewModel.swift in Sources */ = {isa = PBXBuildFile; fileRef = 2C65801C26A9C842006D4055 /* AddTaskViewModel.swift */; };
		2C66BA93269590B700A188E0 /* TimePadApp.swift in Sources */ = {isa = PBXBuildFile; fileRef = 2C66BA92269590B700A188E0 /* TimePadApp.swift */; };
		2C66BA95269590B700A188E0 /* ContentView.swift in Sources */ = {isa = PBXBuildFile; fileRef = 2C66BA94269590B700A188E0 /* ContentView.swift */; };
		2C66BA97269590B800A188E0 /* Assets.xcassets in Resources */ = {isa = PBXBuildFile; fileRef = 2C66BA96269590B800A188E0 /* Assets.xcassets */; };
		2C66BA9A269590B800A188E0 /* Preview Assets.xcassets in Resources */ = {isa = PBXBuildFile; fileRef = 2C66BA99269590B800A188E0 /* Preview Assets.xcassets */; };
		2C66BAA72695920200A188E0 /* TasksScreenView.swift in Sources */ = {isa = PBXBuildFile; fileRef = 2C66BAA62695920200A188E0 /* TasksScreenView.swift */; };
		2C66BAAA2695963E00A188E0 /* Color.swift in Sources */ = {isa = PBXBuildFile; fileRef = 2C66BAA92695963E00A188E0 /* Color.swift */; };
		2C73946D26CB90BA0061D726 /* TaskDataProvider.swift in Sources */ = {isa = PBXBuildFile; fileRef = 2C73946C26CB90BA0061D726 /* TaskDataProvider.swift */; };
		2C73946F26CB94740061D726 /* CoreDataHelper.swift in Sources */ = {isa = PBXBuildFile; fileRef = 2C73946E26CB94740061D726 /* CoreDataHelper.swift */; };
		2C73947526CBB1580061D726 /* TagDataProvider.swift in Sources */ = {isa = PBXBuildFile; fileRef = 2C73947426CBB1580061D726 /* TagDataProvider.swift */; };
		2C7DFDFD26BC40C400375FED /* ProgressBarView.swift in Sources */ = {isa = PBXBuildFile; fileRef = 2C7DFDFC26BC40C400375FED /* ProgressBarView.swift */; };
		2C85ECFE26A03905002CC21A /* TaskView.swift in Sources */ = {isa = PBXBuildFile; fileRef = 2C85ECFD26A03905002CC21A /* TaskView.swift */; };
		2C87263326C3F47700DBBF62 /* StatsViewModel.swift in Sources */ = {isa = PBXBuildFile; fileRef = 2C87263226C3F47700DBBF62 /* StatsViewModel.swift */; };
		2C9ABFC626C8DD5000B83F10 /* Date.swift in Sources */ = {isa = PBXBuildFile; fileRef = 2C9ABFC526C8DD5000B83F10 /* Date.swift */; };
		2C9C50BB26B69BF400417BA2 /* StatsScreenView.swift in Sources */ = {isa = PBXBuildFile; fileRef = 2C9C50BA26B69BF400417BA2 /* StatsScreenView.swift */; };
		2CB4D2CC26AFE45A0040851C /* SwiftUICharts in Frameworks */ = {isa = PBXBuildFile; productRef = 2CB4D2CB26AFE45A0040851C /* SwiftUICharts */; };
		2CB7234326AF4F0700EA5C6F /* BottomSheet in Frameworks */ = {isa = PBXBuildFile; productRef = 2CB7234226AF4F0700EA5C6F /* BottomSheet */; };
		2CB7234526AF5EA000EA5C6F /* Constants.swift in Sources */ = {isa = PBXBuildFile; fileRef = 2CB7234426AF5EA000EA5C6F /* Constants.swift */; };
		2CB76A0726C100BE000E726B /* TaskHelper.swift in Sources */ = {isa = PBXBuildFile; fileRef = 2CB76A0626C100BE000E726B /* TaskHelper.swift */; };
		2CD58C6326A33C2500803BAF /* CurrentTaskView.swift in Sources */ = {isa = PBXBuildFile; fileRef = 2CD58C6226A33C2500803BAF /* CurrentTaskView.swift */; };
		2CD58C6626A33F4100803BAF /* TaskSheetView.swift in Sources */ = {isa = PBXBuildFile; fileRef = 2CD58C6526A33F4100803BAF /* TaskSheetView.swift */; };
		2CD58C6826A3406600803BAF /* TimeHelper.swift in Sources */ = {isa = PBXBuildFile; fileRef = 2CD58C6726A3406600803BAF /* TimeHelper.swift */; };
		2CD58C6B26A341D200803BAF /* TagView.swift in Sources */ = {isa = PBXBuildFile; fileRef = 2CD58C6A26A341D200803BAF /* TagView.swift */; };
		2CD58C6F26A3551200803BAF /* CircleButtonView.swift in Sources */ = {isa = PBXBuildFile; fileRef = 2CD58C6E26A3551200803BAF /* CircleButtonView.swift */; };
		2CE84AC126960B5F00F552E0 /* TaskModel.swift in Sources */ = {isa = PBXBuildFile; fileRef = 2CE84AC026960B5F00F552E0 /* TaskModel.swift */; };
		2CE84AC426960D8700F552E0 /* TagModel.swift in Sources */ = {isa = PBXBuildFile; fileRef = 2CE84AC326960D8700F552E0 /* TagModel.swift */; };
		2CE84AC626960E2F00F552E0 /* TasksEnvironmentViewModel.swift in Sources */ = {isa = PBXBuildFile; fileRef = 2CE84AC526960E2F00F552E0 /* TasksEnvironmentViewModel.swift */; };
		2CE84AC926961FE900F552E0 /* BottomBarView.swift in Sources */ = {isa = PBXBuildFile; fileRef = 2CE84AC826961FE900F552E0 /* BottomBarView.swift */; };
		2CE84ACD269625C400F552E0 /* SizeHelper.swift in Sources */ = {isa = PBXBuildFile; fileRef = 2CE84ACC269625C400F552E0 /* SizeHelper.swift */; };
		2CF17DCA26AD5C1500F30C72 /* IconModel.swift in Sources */ = {isa = PBXBuildFile; fileRef = 2CF17DC926AD5C1500F30C72 /* IconModel.swift */; };
		2CF17DCD26AD6B6500F30C72 /* IconView.swift in Sources */ = {isa = PBXBuildFile; fileRef = 2CF17DCC26AD6B6500F30C72 /* IconView.swift */; };
		2CF82350269AD2A500D0DFFD /* BottomBarRouter.swift in Sources */ = {isa = PBXBuildFile; fileRef = 2CF8234F269AD2A500D0DFFD /* BottomBarRouter.swift */; };
/* End PBXBuildFile section */

/* Begin PBXFileReference section */
		2C0B76DE26A41A7800FA7CF2 /* MainButtonView.swift */ = {isa = PBXFileReference; lastKnownFileType = sourcecode.swift; path = MainButtonView.swift; sourceTree = "<group>"; };
		2C0B76E026A425D900FA7CF2 /* PreviewProvider.swift */ = {isa = PBXFileReference; lastKnownFileType = sourcecode.swift; path = PreviewProvider.swift; sourceTree = "<group>"; };
		2C12F1F726CA691A00D5E448 /* TPBarChartView.swift */ = {isa = PBXFileReference; lastKnownFileType = sourcecode.swift; path = TPBarChartView.swift; sourceTree = "<group>"; };
		2C345D4326AADFB400C41D9B /* TimePickerView.swift */ = {isa = PBXFileReference; lastKnownFileType = sourcecode.swift; path = TimePickerView.swift; sourceTree = "<group>"; };
		2C345D4526AADFC800C41D9B /* TimeStepperView.swift */ = {isa = PBXFileReference; lastKnownFileType = sourcecode.swift; path = TimeStepperView.swift; sourceTree = "<group>"; };
		2C59597726B2950E00B2922C /* CircularMinutePickerView.swift */ = {isa = PBXFileReference; lastKnownFileType = sourcecode.swift; path = CircularMinutePickerView.swift; sourceTree = "<group>"; };
		2C5F465C26B3E1B5009362B2 /* TasksContainer.xcdatamodel */ = {isa = PBXFileReference; lastKnownFileType = wrapper.xcdatamodel; path = TasksContainer.xcdatamodel; sourceTree = "<group>"; };
		2C5F465E26B3E462009362B2 /* CoreDataManager.swift */ = {isa = PBXFileReference; lastKnownFileType = sourcecode.swift; path = CoreDataManager.swift; sourceTree = "<group>"; };
		2C5F466026B3E79C009362B2 /* Test.swift */ = {isa = PBXFileReference; lastKnownFileType = sourcecode.swift; path = Test.swift; sourceTree = "<group>"; };
		2C65801A26A9AC23006D4055 /* AddTaskScreenView.swift */ = {isa = PBXFileReference; lastKnownFileType = sourcecode.swift; path = AddTaskScreenView.swift; sourceTree = "<group>"; };
		2C65801C26A9C842006D4055 /* AddTaskViewModel.swift */ = {isa = PBXFileReference; lastKnownFileType = sourcecode.swift; path = AddTaskViewModel.swift; sourceTree = "<group>"; };
		2C66BA8F269590B700A188E0 /* TimePad.app */ = {isa = PBXFileReference; explicitFileType = wrapper.application; includeInIndex = 0; path = TimePad.app; sourceTree = BUILT_PRODUCTS_DIR; };
		2C66BA92269590B700A188E0 /* TimePadApp.swift */ = {isa = PBXFileReference; lastKnownFileType = sourcecode.swift; path = TimePadApp.swift; sourceTree = "<group>"; };
		2C66BA94269590B700A188E0 /* ContentView.swift */ = {isa = PBXFileReference; lastKnownFileType = sourcecode.swift; path = ContentView.swift; sourceTree = "<group>"; };
		2C66BA96269590B800A188E0 /* Assets.xcassets */ = {isa = PBXFileReference; lastKnownFileType = folder.assetcatalog; path = Assets.xcassets; sourceTree = "<group>"; };
		2C66BA99269590B800A188E0 /* Preview Assets.xcassets */ = {isa = PBXFileReference; lastKnownFileType = folder.assetcatalog; path = "Preview Assets.xcassets"; sourceTree = "<group>"; };
		2C66BA9B269590B800A188E0 /* Info.plist */ = {isa = PBXFileReference; lastKnownFileType = text.plist.xml; path = Info.plist; sourceTree = "<group>"; };
		2C66BAA62695920200A188E0 /* TasksScreenView.swift */ = {isa = PBXFileReference; lastKnownFileType = sourcecode.swift; path = TasksScreenView.swift; sourceTree = "<group>"; };
		2C66BAA92695963E00A188E0 /* Color.swift */ = {isa = PBXFileReference; lastKnownFileType = sourcecode.swift; path = Color.swift; sourceTree = "<group>"; };
		2C73946C26CB90BA0061D726 /* TaskDataProvider.swift */ = {isa = PBXFileReference; lastKnownFileType = sourcecode.swift; path = TaskDataProvider.swift; sourceTree = "<group>"; };
		2C73946E26CB94740061D726 /* CoreDataHelper.swift */ = {isa = PBXFileReference; lastKnownFileType = sourcecode.swift; path = CoreDataHelper.swift; sourceTree = "<group>"; };
		2C73947426CBB1580061D726 /* TagDataProvider.swift */ = {isa = PBXFileReference; lastKnownFileType = sourcecode.swift; path = TagDataProvider.swift; sourceTree = "<group>"; };
		2C7DFDFC26BC40C400375FED /* ProgressBarView.swift */ = {isa = PBXFileReference; lastKnownFileType = sourcecode.swift; path = ProgressBarView.swift; sourceTree = "<group>"; };
		2C85ECFD26A03905002CC21A /* TaskView.swift */ = {isa = PBXFileReference; lastKnownFileType = sourcecode.swift; path = TaskView.swift; sourceTree = "<group>"; };
		2C87263226C3F47700DBBF62 /* StatsViewModel.swift */ = {isa = PBXFileReference; lastKnownFileType = sourcecode.swift; path = StatsViewModel.swift; sourceTree = "<group>"; };
		2C9ABFC526C8DD5000B83F10 /* Date.swift */ = {isa = PBXFileReference; lastKnownFileType = sourcecode.swift; path = Date.swift; sourceTree = "<group>"; };
		2C9C50BA26B69BF400417BA2 /* StatsScreenView.swift */ = {isa = PBXFileReference; lastKnownFileType = sourcecode.swift; path = StatsScreenView.swift; sourceTree = "<group>"; };
		2CB7234426AF5EA000EA5C6F /* Constants.swift */ = {isa = PBXFileReference; lastKnownFileType = sourcecode.swift; path = Constants.swift; sourceTree = "<group>"; };
		2CB76A0626C100BE000E726B /* TaskHelper.swift */ = {isa = PBXFileReference; lastKnownFileType = sourcecode.swift; path = TaskHelper.swift; sourceTree = "<group>"; };
		2CD58C6226A33C2500803BAF /* CurrentTaskView.swift */ = {isa = PBXFileReference; lastKnownFileType = sourcecode.swift; path = CurrentTaskView.swift; sourceTree = "<group>"; };
		2CD58C6526A33F4100803BAF /* TaskSheetView.swift */ = {isa = PBXFileReference; lastKnownFileType = sourcecode.swift; path = TaskSheetView.swift; sourceTree = "<group>"; };
		2CD58C6726A3406600803BAF /* TimeHelper.swift */ = {isa = PBXFileReference; lastKnownFileType = sourcecode.swift; path = TimeHelper.swift; sourceTree = "<group>"; };
		2CD58C6A26A341D200803BAF /* TagView.swift */ = {isa = PBXFileReference; lastKnownFileType = sourcecode.swift; path = TagView.swift; sourceTree = "<group>"; };
		2CD58C6E26A3551200803BAF /* CircleButtonView.swift */ = {isa = PBXFileReference; lastKnownFileType = sourcecode.swift; path = CircleButtonView.swift; sourceTree = "<group>"; };
		2CE84AC026960B5F00F552E0 /* TaskModel.swift */ = {isa = PBXFileReference; lastKnownFileType = sourcecode.swift; path = TaskModel.swift; sourceTree = "<group>"; };
		2CE84AC326960D8700F552E0 /* TagModel.swift */ = {isa = PBXFileReference; lastKnownFileType = sourcecode.swift; path = TagModel.swift; sourceTree = "<group>"; };
		2CE84AC526960E2F00F552E0 /* TasksEnvironmentViewModel.swift */ = {isa = PBXFileReference; lastKnownFileType = sourcecode.swift; path = TasksEnvironmentViewModel.swift; sourceTree = "<group>"; };
		2CE84AC826961FE900F552E0 /* BottomBarView.swift */ = {isa = PBXFileReference; lastKnownFileType = sourcecode.swift; path = BottomBarView.swift; sourceTree = "<group>"; };
		2CE84ACC269625C400F552E0 /* SizeHelper.swift */ = {isa = PBXFileReference; lastKnownFileType = sourcecode.swift; path = SizeHelper.swift; sourceTree = "<group>"; };
		2CF17DC926AD5C1500F30C72 /* IconModel.swift */ = {isa = PBXFileReference; lastKnownFileType = sourcecode.swift; path = IconModel.swift; sourceTree = "<group>"; };
		2CF17DCC26AD6B6500F30C72 /* IconView.swift */ = {isa = PBXFileReference; lastKnownFileType = sourcecode.swift; path = IconView.swift; sourceTree = "<group>"; };
		2CF8234F269AD2A500D0DFFD /* BottomBarRouter.swift */ = {isa = PBXFileReference; lastKnownFileType = sourcecode.swift; path = BottomBarRouter.swift; sourceTree = "<group>"; };
/* End PBXFileReference section */

/* Begin PBXFrameworksBuildPhase section */
		2C66BA8C269590B700A188E0 /* Frameworks */ = {
			isa = PBXFrameworksBuildPhase;
			buildActionMask = 2147483647;
			files = (
				2CB7234326AF4F0700EA5C6F /* BottomSheet in Frameworks */,
				2CB4D2CC26AFE45A0040851C /* SwiftUICharts in Frameworks */,
			);
			runOnlyForDeploymentPostprocessing = 0;
		};
/* End PBXFrameworksBuildPhase section */

/* Begin PBXGroup section */
		2C12F1F626CA68BA00D5E448 /* TPBarChartView */ = {
			isa = PBXGroup;
			children = (
				2C12F1F726CA691A00D5E448 /* TPBarChartView.swift */,
			);
			path = TPBarChartView;
			sourceTree = "<group>";
		};
		2C345D4026AADF7F00C41D9B /* Inputs */ = {
			isa = PBXGroup;
			children = (
				2C59597626B294B600B2922C /* CircularMinutePicker */,
				2C345D4226AADFA700C41D9B /* TimePicker */,
				2C345D4126AADF9500C41D9B /* TimeStepper */,
			);
			path = Inputs;
			sourceTree = "<group>";
		};
		2C345D4126AADF9500C41D9B /* TimeStepper */ = {
			isa = PBXGroup;
			children = (
				2C345D4526AADFC800C41D9B /* TimeStepperView.swift */,
			);
			path = TimeStepper;
			sourceTree = "<group>";
		};
		2C345D4226AADFA700C41D9B /* TimePicker */ = {
			isa = PBXGroup;
			children = (
				2C345D4326AADFB400C41D9B /* TimePickerView.swift */,
			);
			path = TimePicker;
			sourceTree = "<group>";
		};
		2C59597626B294B600B2922C /* CircularMinutePicker */ = {
			isa = PBXGroup;
			children = (
				2C59597726B2950E00B2922C /* CircularMinutePickerView.swift */,
			);
			path = CircularMinutePicker;
			sourceTree = "<group>";
		};
		2C66BA86269590B600A188E0 = {
			isa = PBXGroup;
			children = (
				2C66BA91269590B700A188E0 /* TimePad */,
				2C66BA90269590B700A188E0 /* Products */,
			);
			sourceTree = "<group>";
		};
		2C66BA90269590B700A188E0 /* Products */ = {
			isa = PBXGroup;
			children = (
				2C66BA8F269590B700A188E0 /* TimePad.app */,
			);
			name = Products;
			sourceTree = "<group>";
		};
		2C66BA91269590B700A188E0 /* TimePad */ = {
			isa = PBXGroup;
			children = (
				2CE84ACB269625AC00F552E0 /* Helpers */,
				2CE84ACA269625A600F552E0 /* Services */,
				2CE84ABF26960AE500F552E0 /* Models */,
				2C66BAA82695963300A188E0 /* Extensions */,
				2C66BAA1269590F800A188E0 /* Core */,
				2C66BA92269590B700A188E0 /* TimePadApp.swift */,
				2C66BA94269590B700A188E0 /* ContentView.swift */,
				2C66BA96269590B800A188E0 /* Assets.xcassets */,
				2C66BA9B269590B800A188E0 /* Info.plist */,
				2C66BA98269590B800A188E0 /* Preview Content */,
			);
			path = TimePad;
			sourceTree = "<group>";
		};
		2C66BA98269590B800A188E0 /* Preview Content */ = {
			isa = PBXGroup;
			children = (
				2C66BA99269590B800A188E0 /* Preview Assets.xcassets */,
			);
			path = "Preview Content";
			sourceTree = "<group>";
		};
		2C66BAA1269590F800A188E0 /* Core */ = {
			isa = PBXGroup;
			children = (
				2C66BAA42695912E00A188E0 /* Components */,
				2C66BAA52695913600A188E0 /* Screens */,
			);
			path = Core;
			sourceTree = "<group>";
		};
		2C66BAA22695910800A188E0 /* Views */ = {
			isa = PBXGroup;
			children = (
				2C66BAA62695920200A188E0 /* TasksScreenView.swift */,
				2C65801A26A9AC23006D4055 /* AddTaskScreenView.swift */,
				2C5F466026B3E79C009362B2 /* Test.swift */,
				2C9C50BA26B69BF400417BA2 /* StatsScreenView.swift */,
			);
			path = Views;
			sourceTree = "<group>";
		};
		2C66BAA32695911700A188E0 /* ViewModels */ = {
			isa = PBXGroup;
			children = (
				2CE84AC526960E2F00F552E0 /* TasksEnvironmentViewModel.swift */,
				2C65801C26A9C842006D4055 /* AddTaskViewModel.swift */,
				2C87263226C3F47700DBBF62 /* StatsViewModel.swift */,
			);
			path = ViewModels;
			sourceTree = "<group>";
		};
		2C66BAA42695912E00A188E0 /* Components */ = {
			isa = PBXGroup;
			children = (
				2C12F1F626CA68BA00D5E448 /* TPBarChartView */,
				2C7DFDFB26BC40AD00375FED /* ProgressBar */,
				2CF17DCB26AD6B1600F30C72 /* Icon */,
				2C345D4026AADF7F00C41D9B /* Inputs */,
				2CD58C6D26A354FF00803BAF /* MainButton */,
				2CD58C6C26A354F100803BAF /* CircleButton */,
				2CD58C6926A341C800803BAF /* Tag */,
				2C85ECFC26A038F4002CC21A /* Task */,
				2C93130126A187E6004D269E /* CurrentTask */,
				2CD58C6426A33F0600803BAF /* TaskSheet */,
				2CE84AC726961FD700F552E0 /* BottomBar */,
			);
			path = Components;
			sourceTree = "<group>";
		};
		2C66BAA52695913600A188E0 /* Screens */ = {
			isa = PBXGroup;
			children = (
				2C66BAA32695911700A188E0 /* ViewModels */,
				2C66BAA22695910800A188E0 /* Views */,
			);
			path = Screens;
			sourceTree = "<group>";
		};
		2C66BAA82695963300A188E0 /* Extensions */ = {
			isa = PBXGroup;
			children = (
				2C66BAA92695963E00A188E0 /* Color.swift */,
				2C0B76E026A425D900FA7CF2 /* PreviewProvider.swift */,
				2C9ABFC526C8DD5000B83F10 /* Date.swift */,
			);
			path = Extensions;
			sourceTree = "<group>";
		};
		2C7DFDFB26BC40AD00375FED /* ProgressBar */ = {
			isa = PBXGroup;
			children = (
				2C7DFDFC26BC40C400375FED /* ProgressBarView.swift */,
			);
			path = ProgressBar;
			sourceTree = "<group>";
		};
		2C85ECFC26A038F4002CC21A /* Task */ = {
			isa = PBXGroup;
			children = (
				2C85ECFD26A03905002CC21A /* TaskView.swift */,
			);
			path = Task;
			sourceTree = "<group>";
		};
		2C93130126A187E6004D269E /* CurrentTask */ = {
			isa = PBXGroup;
			children = (
				2CD58C6226A33C2500803BAF /* CurrentTaskView.swift */,
			);
			path = CurrentTask;
			sourceTree = "<group>";
		};
		2CD58C6426A33F0600803BAF /* TaskSheet */ = {
			isa = PBXGroup;
			children = (
				2CD58C6526A33F4100803BAF /* TaskSheetView.swift */,
			);
			path = TaskSheet;
			sourceTree = "<group>";
		};
		2CD58C6926A341C800803BAF /* Tag */ = {
			isa = PBXGroup;
			children = (
				2CD58C6A26A341D200803BAF /* TagView.swift */,
			);
			path = Tag;
			sourceTree = "<group>";
		};
		2CD58C6C26A354F100803BAF /* CircleButton */ = {
			isa = PBXGroup;
			children = (
				2CD58C6E26A3551200803BAF /* CircleButtonView.swift */,
			);
			path = CircleButton;
			sourceTree = "<group>";
		};
		2CD58C6D26A354FF00803BAF /* MainButton */ = {
			isa = PBXGroup;
			children = (
				2C0B76DE26A41A7800FA7CF2 /* MainButtonView.swift */,
			);
			path = MainButton;
			sourceTree = "<group>";
		};
		2CE84ABF26960AE500F552E0 /* Models */ = {
			isa = PBXGroup;
			children = (
				2CE84AC026960B5F00F552E0 /* TaskModel.swift */,
				2CE84AC326960D8700F552E0 /* TagModel.swift */,
				2CF17DC926AD5C1500F30C72 /* IconModel.swift */,
				2C5F465B26B3E1B5009362B2 /* TasksContainer.xcdatamodeld */,
			);
			path = Models;
			sourceTree = "<group>";
		};
		2CE84AC726961FD700F552E0 /* BottomBar */ = {
			isa = PBXGroup;
			children = (
				2CE84AC826961FE900F552E0 /* BottomBarView.swift */,
				2CF8234F269AD2A500D0DFFD /* BottomBarRouter.swift */,
			);
			path = BottomBar;
			sourceTree = "<group>";
		};
		2CE84ACA269625A600F552E0 /* Services */ = {
			isa = PBXGroup;
			children = (
				2C5F465E26B3E462009362B2 /* CoreDataManager.swift */,
				2C73946C26CB90BA0061D726 /* TaskDataProvider.swift */,
				2C73947426CBB1580061D726 /* TagDataProvider.swift */,
			);
			path = Services;
			sourceTree = "<group>";
		};
		2CE84ACB269625AC00F552E0 /* Helpers */ = {
			isa = PBXGroup;
			children = (
				2CE84ACC269625C400F552E0 /* SizeHelper.swift */,
				2CD58C6726A3406600803BAF /* TimeHelper.swift */,
				2CB7234426AF5EA000EA5C6F /* Constants.swift */,
				2CB76A0626C100BE000E726B /* TaskHelper.swift */,
				2C73946E26CB94740061D726 /* CoreDataHelper.swift */,
			);
			path = Helpers;
			sourceTree = "<group>";
		};
		2CF17DCB26AD6B1600F30C72 /* Icon */ = {
			isa = PBXGroup;
			children = (
				2CF17DCC26AD6B6500F30C72 /* IconView.swift */,
			);
			path = Icon;
			sourceTree = "<group>";
		};
/* End PBXGroup section */

/* Begin PBXNativeTarget section */
		2C66BA8E269590B700A188E0 /* TimePad */ = {
			isa = PBXNativeTarget;
			buildConfigurationList = 2C66BA9E269590B800A188E0 /* Build configuration list for PBXNativeTarget "TimePad" */;
			buildPhases = (
				2C66BA8B269590B700A188E0 /* Sources */,
				2C66BA8C269590B700A188E0 /* Frameworks */,
				2C66BA8D269590B700A188E0 /* Resources */,
			);
			buildRules = (
			);
			dependencies = (
			);
			name = TimePad;
			packageProductDependencies = (
				2CB7234226AF4F0700EA5C6F /* BottomSheet */,
				2CB4D2CB26AFE45A0040851C /* SwiftUICharts */,
			);
			productName = TimePad;
			productReference = 2C66BA8F269590B700A188E0 /* TimePad.app */;
			productType = "com.apple.product-type.application";
		};
/* End PBXNativeTarget section */

/* Begin PBXProject section */
		2C66BA87269590B600A188E0 /* Project object */ = {
			isa = PBXProject;
			attributes = {
				LastSwiftUpdateCheck = 1250;
				LastUpgradeCheck = 1250;
				TargetAttributes = {
					2C66BA8E269590B700A188E0 = {
						CreatedOnToolsVersion = 12.5;
					};
				};
			};
			buildConfigurationList = 2C66BA8A269590B600A188E0 /* Build configuration list for PBXProject "TimePad" */;
			compatibilityVersion = "Xcode 9.3";
			developmentRegion = en;
			hasScannedForEncodings = 0;
			knownRegions = (
				en,
				Base,
			);
			mainGroup = 2C66BA86269590B600A188E0;
			packageReferences = (
				2CB7234126AF4F0700EA5C6F /* XCRemoteSwiftPackageReference "bottom-sheet" */,
				2CB4D2CA26AFE45A0040851C /* XCRemoteSwiftPackageReference "ChartView" */,
			);
			productRefGroup = 2C66BA90269590B700A188E0 /* Products */;
			projectDirPath = "";
			projectRoot = "";
			targets = (
				2C66BA8E269590B700A188E0 /* TimePad */,
			);
		};
/* End PBXProject section */

/* Begin PBXResourcesBuildPhase section */
		2C66BA8D269590B700A188E0 /* Resources */ = {
			isa = PBXResourcesBuildPhase;
			buildActionMask = 2147483647;
			files = (
				2C66BA9A269590B800A188E0 /* Preview Assets.xcassets in Resources */,
				2C66BA97269590B800A188E0 /* Assets.xcassets in Resources */,
			);
			runOnlyForDeploymentPostprocessing = 0;
		};
/* End PBXResourcesBuildPhase section */

/* Begin PBXSourcesBuildPhase section */
		2C66BA8B269590B700A188E0 /* Sources */ = {
			isa = PBXSourcesBuildPhase;
			buildActionMask = 2147483647;
			files = (
				2CB7234526AF5EA000EA5C6F /* Constants.swift in Sources */,
				2C73946D26CB90BA0061D726 /* TaskDataProvider.swift in Sources */,
				2CD58C6326A33C2500803BAF /* CurrentTaskView.swift in Sources */,
				2CE84AC426960D8700F552E0 /* TagModel.swift in Sources */,
				2C0B76DF26A41A7800FA7CF2 /* MainButtonView.swift in Sources */,
				2CE84ACD269625C400F552E0 /* SizeHelper.swift in Sources */,
				2CD58C6F26A3551200803BAF /* CircleButtonView.swift in Sources */,
				2C345D4626AADFC800C41D9B /* TimeStepperView.swift in Sources */,
				2C66BA95269590B700A188E0 /* ContentView.swift in Sources */,
				2C9C50BB26B69BF400417BA2 /* StatsScreenView.swift in Sources */,
				2C73946F26CB94740061D726 /* CoreDataHelper.swift in Sources */,
				2C5F466126B3E79C009362B2 /* Test.swift in Sources */,
				2C7DFDFD26BC40C400375FED /* ProgressBarView.swift in Sources */,
				2CD58C6626A33F4100803BAF /* TaskSheetView.swift in Sources */,
				2C59597826B2950E00B2922C /* CircularMinutePickerView.swift in Sources */,
				2CE84AC626960E2F00F552E0 /* TasksEnvironmentViewModel.swift in Sources */,
				2CE84AC926961FE900F552E0 /* BottomBarView.swift in Sources */,
				2CF17DCA26AD5C1500F30C72 /* IconModel.swift in Sources */,
				2C87263326C3F47700DBBF62 /* StatsViewModel.swift in Sources */,
				2C12F1F826CA691A00D5E448 /* TPBarChartView.swift in Sources */,
				2C66BAAA2695963E00A188E0 /* Color.swift in Sources */,
				2C345D4426AADFB400C41D9B /* TimePickerView.swift in Sources */,
				2CF17DCD26AD6B6500F30C72 /* IconView.swift in Sources */,
				2CE84AC126960B5F00F552E0 /* TaskModel.swift in Sources */,
				2C66BAA72695920200A188E0 /* TasksScreenView.swift in Sources */,
				2C0B76E126A425D900FA7CF2 /* PreviewProvider.swift in Sources */,
				2C9ABFC626C8DD5000B83F10 /* Date.swift in Sources */,
				2C65801D26A9C842006D4055 /* AddTaskViewModel.swift in Sources */,
				2CD58C6826A3406600803BAF /* TimeHelper.swift in Sources */,
				2C5F465D26B3E1B5009362B2 /* TasksContainer.xcdatamodeld in Sources */,
				2C66BA93269590B700A188E0 /* TimePadApp.swift in Sources */,
				2C65801B26A9AC23006D4055 /* AddTaskScreenView.swift in Sources */,
				2C85ECFE26A03905002CC21A /* TaskView.swift in Sources */,
				2C73947526CBB1580061D726 /* TagDataProvider.swift in Sources */,
				2CF82350269AD2A500D0DFFD /* BottomBarRouter.swift in Sources */,
				2C5F465F26B3E462009362B2 /* CoreDataManager.swift in Sources */,
				2CB76A0726C100BE000E726B /* TaskHelper.swift in Sources */,
				2CD58C6B26A341D200803BAF /* TagView.swift in Sources */,
			);
			runOnlyForDeploymentPostprocessing = 0;
		};
/* End PBXSourcesBuildPhase section */

/* Begin XCBuildConfiguration section */
		2C66BA9C269590B800A188E0 /* Debug */ = {
			isa = XCBuildConfiguration;
			buildSettings = {
				ALWAYS_SEARCH_USER_PATHS = NO;
				CLANG_ANALYZER_NONNULL = YES;
				CLANG_ANALYZER_NUMBER_OBJECT_CONVERSION = YES_AGGRESSIVE;
				CLANG_CXX_LANGUAGE_STANDARD = "gnu++14";
				CLANG_CXX_LIBRARY = "libc++";
				CLANG_ENABLE_MODULES = YES;
				CLANG_ENABLE_OBJC_ARC = YES;
				CLANG_ENABLE_OBJC_WEAK = YES;
				CLANG_WARN_BLOCK_CAPTURE_AUTORELEASING = YES;
				CLANG_WARN_BOOL_CONVERSION = YES;
				CLANG_WARN_COMMA = YES;
				CLANG_WARN_CONSTANT_CONVERSION = YES;
				CLANG_WARN_DEPRECATED_OBJC_IMPLEMENTATIONS = YES;
				CLANG_WARN_DIRECT_OBJC_ISA_USAGE = YES_ERROR;
				CLANG_WARN_DOCUMENTATION_COMMENTS = YES;
				CLANG_WARN_EMPTY_BODY = YES;
				CLANG_WARN_ENUM_CONVERSION = YES;
				CLANG_WARN_INFINITE_RECURSION = YES;
				CLANG_WARN_INT_CONVERSION = YES;
				CLANG_WARN_NON_LITERAL_NULL_CONVERSION = YES;
				CLANG_WARN_OBJC_IMPLICIT_RETAIN_SELF = YES;
				CLANG_WARN_OBJC_LITERAL_CONVERSION = YES;
				CLANG_WARN_OBJC_ROOT_CLASS = YES_ERROR;
				CLANG_WARN_QUOTED_INCLUDE_IN_FRAMEWORK_HEADER = YES;
				CLANG_WARN_RANGE_LOOP_ANALYSIS = YES;
				CLANG_WARN_STRICT_PROTOTYPES = YES;
				CLANG_WARN_SUSPICIOUS_MOVE = YES;
				CLANG_WARN_UNGUARDED_AVAILABILITY = YES_AGGRESSIVE;
				CLANG_WARN_UNREACHABLE_CODE = YES;
				CLANG_WARN__DUPLICATE_METHOD_MATCH = YES;
				COPY_PHASE_STRIP = NO;
				DEBUG_INFORMATION_FORMAT = dwarf;
				ENABLE_STRICT_OBJC_MSGSEND = YES;
				ENABLE_TESTABILITY = YES;
				GCC_C_LANGUAGE_STANDARD = gnu11;
				GCC_DYNAMIC_NO_PIC = NO;
				GCC_NO_COMMON_BLOCKS = YES;
				GCC_OPTIMIZATION_LEVEL = 0;
				GCC_PREPROCESSOR_DEFINITIONS = (
					"DEBUG=1",
					"$(inherited)",
				);
				GCC_WARN_64_TO_32_BIT_CONVERSION = YES;
				GCC_WARN_ABOUT_RETURN_TYPE = YES_ERROR;
				GCC_WARN_UNDECLARED_SELECTOR = YES;
				GCC_WARN_UNINITIALIZED_AUTOS = YES_AGGRESSIVE;
				GCC_WARN_UNUSED_FUNCTION = YES;
				GCC_WARN_UNUSED_VARIABLE = YES;
				IPHONEOS_DEPLOYMENT_TARGET = 14.5;
				MTL_ENABLE_DEBUG_INFO = INCLUDE_SOURCE;
				MTL_FAST_MATH = YES;
				ONLY_ACTIVE_ARCH = YES;
				SDKROOT = iphoneos;
				SWIFT_ACTIVE_COMPILATION_CONDITIONS = DEBUG;
				SWIFT_OPTIMIZATION_LEVEL = "-Onone";
			};
			name = Debug;
		};
		2C66BA9D269590B800A188E0 /* Release */ = {
			isa = XCBuildConfiguration;
			buildSettings = {
				ALWAYS_SEARCH_USER_PATHS = NO;
				CLANG_ANALYZER_NONNULL = YES;
				CLANG_ANALYZER_NUMBER_OBJECT_CONVERSION = YES_AGGRESSIVE;
				CLANG_CXX_LANGUAGE_STANDARD = "gnu++14";
				CLANG_CXX_LIBRARY = "libc++";
				CLANG_ENABLE_MODULES = YES;
				CLANG_ENABLE_OBJC_ARC = YES;
				CLANG_ENABLE_OBJC_WEAK = YES;
				CLANG_WARN_BLOCK_CAPTURE_AUTORELEASING = YES;
				CLANG_WARN_BOOL_CONVERSION = YES;
				CLANG_WARN_COMMA = YES;
				CLANG_WARN_CONSTANT_CONVERSION = YES;
				CLANG_WARN_DEPRECATED_OBJC_IMPLEMENTATIONS = YES;
				CLANG_WARN_DIRECT_OBJC_ISA_USAGE = YES_ERROR;
				CLANG_WARN_DOCUMENTATION_COMMENTS = YES;
				CLANG_WARN_EMPTY_BODY = YES;
				CLANG_WARN_ENUM_CONVERSION = YES;
				CLANG_WARN_INFINITE_RECURSION = YES;
				CLANG_WARN_INT_CONVERSION = YES;
				CLANG_WARN_NON_LITERAL_NULL_CONVERSION = YES;
				CLANG_WARN_OBJC_IMPLICIT_RETAIN_SELF = YES;
				CLANG_WARN_OBJC_LITERAL_CONVERSION = YES;
				CLANG_WARN_OBJC_ROOT_CLASS = YES_ERROR;
				CLANG_WARN_QUOTED_INCLUDE_IN_FRAMEWORK_HEADER = YES;
				CLANG_WARN_RANGE_LOOP_ANALYSIS = YES;
				CLANG_WARN_STRICT_PROTOTYPES = YES;
				CLANG_WARN_SUSPICIOUS_MOVE = YES;
				CLANG_WARN_UNGUARDED_AVAILABILITY = YES_AGGRESSIVE;
				CLANG_WARN_UNREACHABLE_CODE = YES;
				CLANG_WARN__DUPLICATE_METHOD_MATCH = YES;
				COPY_PHASE_STRIP = NO;
				DEBUG_INFORMATION_FORMAT = "dwarf-with-dsym";
				ENABLE_NS_ASSERTIONS = NO;
				ENABLE_STRICT_OBJC_MSGSEND = YES;
				GCC_C_LANGUAGE_STANDARD = gnu11;
				GCC_NO_COMMON_BLOCKS = YES;
				GCC_WARN_64_TO_32_BIT_CONVERSION = YES;
				GCC_WARN_ABOUT_RETURN_TYPE = YES_ERROR;
				GCC_WARN_UNDECLARED_SELECTOR = YES;
				GCC_WARN_UNINITIALIZED_AUTOS = YES_AGGRESSIVE;
				GCC_WARN_UNUSED_FUNCTION = YES;
				GCC_WARN_UNUSED_VARIABLE = YES;
				IPHONEOS_DEPLOYMENT_TARGET = 14.5;
				MTL_ENABLE_DEBUG_INFO = NO;
				MTL_FAST_MATH = YES;
				SDKROOT = iphoneos;
				SWIFT_COMPILATION_MODE = wholemodule;
				SWIFT_OPTIMIZATION_LEVEL = "-O";
				VALIDATE_PRODUCT = YES;
			};
			name = Release;
		};
		2C66BA9F269590B800A188E0 /* Debug */ = {
			isa = XCBuildConfiguration;
			buildSettings = {
				ASSETCATALOG_COMPILER_APPICON_NAME = AppIcon;
				ASSETCATALOG_COMPILER_GLOBAL_ACCENT_COLOR_NAME = AccentColor;
				CODE_SIGN_STYLE = Automatic;
				DEVELOPMENT_ASSET_PATHS = "\"TimePad/Preview Content\"";
				DEVELOPMENT_TEAM = 99NF33M5QW;
				ENABLE_PREVIEWS = YES;
				INFOPLIST_FILE = TimePad/Info.plist;
				IPHONEOS_DEPLOYMENT_TARGET = 14.0;
				LD_RUNPATH_SEARCH_PATHS = (
					"$(inherited)",
					"@executable_path/Frameworks",
				);
				PRODUCT_BUNDLE_IDENTIFIER = com.anday.TimePad;
				PRODUCT_NAME = "$(TARGET_NAME)";
				SWIFT_VERSION = 5.0;
				TARGETED_DEVICE_FAMILY = "1,2";
			};
			name = Debug;
		};
		2C66BAA0269590B800A188E0 /* Release */ = {
			isa = XCBuildConfiguration;
			buildSettings = {
				ASSETCATALOG_COMPILER_APPICON_NAME = AppIcon;
				ASSETCATALOG_COMPILER_GLOBAL_ACCENT_COLOR_NAME = AccentColor;
				CODE_SIGN_STYLE = Automatic;
				DEVELOPMENT_ASSET_PATHS = "\"TimePad/Preview Content\"";
				DEVELOPMENT_TEAM = 99NF33M5QW;
				ENABLE_PREVIEWS = YES;
				INFOPLIST_FILE = TimePad/Info.plist;
				IPHONEOS_DEPLOYMENT_TARGET = 14.0;
				LD_RUNPATH_SEARCH_PATHS = (
					"$(inherited)",
					"@executable_path/Frameworks",
				);
				PRODUCT_BUNDLE_IDENTIFIER = com.anday.TimePad;
				PRODUCT_NAME = "$(TARGET_NAME)";
				SWIFT_VERSION = 5.0;
				TARGETED_DEVICE_FAMILY = "1,2";
			};
			name = Release;
		};
/* End XCBuildConfiguration section */

/* Begin XCConfigurationList section */
		2C66BA8A269590B600A188E0 /* Build configuration list for PBXProject "TimePad" */ = {
			isa = XCConfigurationList;
			buildConfigurations = (
				2C66BA9C269590B800A188E0 /* Debug */,
				2C66BA9D269590B800A188E0 /* Release */,
			);
			defaultConfigurationIsVisible = 0;
			defaultConfigurationName = Release;
		};
		2C66BA9E269590B800A188E0 /* Build configuration list for PBXNativeTarget "TimePad" */ = {
			isa = XCConfigurationList;
			buildConfigurations = (
				2C66BA9F269590B800A188E0 /* Debug */,
				2C66BAA0269590B800A188E0 /* Release */,
			);
			defaultConfigurationIsVisible = 0;
			defaultConfigurationName = Release;
		};
/* End XCConfigurationList section */

/* Begin XCRemoteSwiftPackageReference section */
		2CB4D2CA26AFE45A0040851C /* XCRemoteSwiftPackageReference "ChartView" */ = {
			isa = XCRemoteSwiftPackageReference;
			repositoryURL = "https://github.com/AppPear/ChartView";
			requirement = {
				kind = upToNextMajorVersion;
				minimumVersion = 1.5.5;
			};
		};
		2CB7234126AF4F0700EA5C6F /* XCRemoteSwiftPackageReference "bottom-sheet" */ = {
			isa = XCRemoteSwiftPackageReference;
			repositoryURL = "https://github.com/weitieda/bottom-sheet";
			requirement = {
				kind = upToNextMajorVersion;
				minimumVersion = 1.0.6;
			};
		};
/* End XCRemoteSwiftPackageReference section */

/* Begin XCSwiftPackageProductDependency section */
		2CB4D2CB26AFE45A0040851C /* SwiftUICharts */ = {
			isa = XCSwiftPackageProductDependency;
			package = 2CB4D2CA26AFE45A0040851C /* XCRemoteSwiftPackageReference "ChartView" */;
			productName = SwiftUICharts;
		};
		2CB7234226AF4F0700EA5C6F /* BottomSheet */ = {
			isa = XCSwiftPackageProductDependency;
			package = 2CB7234126AF4F0700EA5C6F /* XCRemoteSwiftPackageReference "bottom-sheet" */;
			productName = BottomSheet;
		};
/* End XCSwiftPackageProductDependency section */

/* Begin XCVersionGroup section */
		2C5F465B26B3E1B5009362B2 /* TasksContainer.xcdatamodeld */ = {
			isa = XCVersionGroup;
			children = (
				2C5F465C26B3E1B5009362B2 /* TasksContainer.xcdatamodel */,
			);
			currentVersion = 2C5F465C26B3E1B5009362B2 /* TasksContainer.xcdatamodel */;
			path = TasksContainer.xcdatamodeld;
			sourceTree = "<group>";
			versionGroupType = wrapper.xcdatamodel;
		};
/* End XCVersionGroup section */
	};
	rootObject = 2C66BA87269590B600A188E0 /* Project object */;
}
